
Microsoft Visual Studio Solution File, Format Version 12.00
# Visual Studio 15
VisualStudioVersion = 15.0.28010.2041
MinimumVisualStudioVersion = 10.0.40219.1
Project("{FAE04EC0-301F-11D3-BF4B-00C04F79EFBC}") = "Fii.Domain", "Fii.Domain\Fii.Domain.csproj", "{A087652A-7CF4-41CA-8BBC-6684175C4433}"
EndProject
Project("{FAE04EC0-301F-11D3-BF4B-00C04F79EFBC}") = "Fii.Persistence", "Fii.Persistence\Fii.Persistence.csproj", "{9B8A1709-B9C2-454C-8A08-E3E90C3CDD4F}"
EndProject
Project("{FAE04EC0-301F-11D3-BF4B-00C04F79EFBC}") = "Fii.Test", "Fii.Test\Fii.Test.csproj", "{3F8BFD59-D4D9-4750-9D86-8814FA156363}"
EndProject
Global
	GlobalSection(SolutionConfigurationPlatforms) = preSolution
		Debug|Any CPU = Debug|Any CPU
		Release|Any CPU = Release|Any CPU
	EndGlobalSection
	GlobalSection(ProjectConfigurationPlatforms) = postSolution
		{A087652A-7CF4-41CA-8BBC-6684175C4433}.Debug|Any CPU.ActiveCfg = Debug|Any CPU
		{A087652A-7CF4-41CA-8BBC-6684175C4433}.Debug|Any CPU.Build.0 = Debug|Any CPU
		{A087652A-7CF4-41CA-8BBC-6684175C4433}.Release|Any CPU.ActiveCfg = Release|Any CPU
		{A087652A-7CF4-41CA-8BBC-6684175C4433}.Release|Any CPU.Build.0 = Release|Any CPU
		{9B8A1709-B9C2-454C-8A08-E3E90C3CDD4F}.Debug|Any CPU.ActiveCfg = Debug|Any CPU
		{9B8A1709-B9C2-454C-8A08-E3E90C3CDD4F}.Debug|Any CPU.Build.0 = Debug|Any CPU
		{9B8A1709-B9C2-454C-8A08-E3E90C3CDD4F}.Release|Any CPU.ActiveCfg = Release|Any CPU
		{9B8A1709-B9C2-454C-8A08-E3E90C3CDD4F}.Release|Any CPU.Build.0 = Release|Any CPU
		{3F8BFD59-D4D9-4750-9D86-8814FA156363}.Debug|Any CPU.ActiveCfg = Debug|Any CPU
		{3F8BFD59-D4D9-4750-9D86-8814FA156363}.Debug|Any CPU.Build.0 = Debug|Any CPU
		{3F8BFD59-D4D9-4750-9D86-8814FA156363}.Release|Any CPU.ActiveCfg = Release|Any CPU
		{3F8BFD59-D4D9-4750-9D86-8814FA156363}.Release|Any CPU.Build.0 = Release|Any CPU
	EndGlobalSection
	GlobalSection(SolutionProperties) = preSolution
		HideSolutionNode = FALSE
	EndGlobalSection
	GlobalSection(ExtensibilityGlobals) = postSolution
		SolutionGuid = {68F42F8F-D611-4606-A3CC-4E78A930B073}
	EndGlobalSection
EndGlobal
